
Microsoft Visual Studio Solution File, Format Version 12.00
# Visual Studio 2012
Project("{FAE04EC0-301F-11D3-BF4B-00C04F79EFBC}") = "ChnReverser", "ChnReverser\ChnReverser.csproj", "{D48A28BB-16F7-4243-BDE3-78C9F3783AB8}"
EndProject
Global
	GlobalSection(SolutionConfigurationPlatforms) = preSolution
		Debug|x86 = Debug|x86
		Release|x86 = Release|x86
	EndGlobalSection
	GlobalSection(ProjectConfigurationPlatforms) = postSolution
		{D48A28BB-16F7-4243-BDE3-78C9F3783AB8}.Debug|x86.ActiveCfg = Debug|x86
		{D48A28BB-16F7-4243-BDE3-78C9F3783AB8}.Debug|x86.Build.0 = Debug|x86
		{D48A28BB-16F7-4243-BDE3-78C9F3783AB8}.Release|x86.ActiveCfg = Release|x86
		{D48A28BB-16F7-4243-BDE3-78C9F3783AB8}.Release|x86.Build.0 = Release|x86
	EndGlobalSection
EndGlobal
